// !$*UTF8*$!
{
	archiveVersion = 1;
	classes = {
	};
	objectVersion = 56;
	objects = {

/* Begin PBXBuildFile section */
		960B3A7F2A17726800446864 /* SignInEmaillView.swift in Sources */ = {isa = PBXBuildFile; fileRef = 960B3A7E2A17726800446864 /* SignInEmaillView.swift */; };
		960B3AA62A17ABBB00446864 /* AuthenticationManager.swift in Sources */ = {isa = PBXBuildFile; fileRef = 960B3AA52A17ABBB00446864 /* AuthenticationManager.swift */; };
		960BE42B2A2F78020019D48C /* FirebaseFirestore in Frameworks */ = {isa = PBXBuildFile; productRef = 960BE42A2A2F78020019D48C /* FirebaseFirestore */; };
		960BE42D2A2F78020019D48C /* FirebaseStorage in Frameworks */ = {isa = PBXBuildFile; productRef = 960BE42C2A2F78020019D48C /* FirebaseStorage */; };
		964C17672A164F990030622A /* PytApp.swift in Sources */ = {isa = PBXBuildFile; fileRef = 964C17662A164F990030622A /* PytApp.swift */; };
		964C17692A164F990030622A /* ContentView.swift in Sources */ = {isa = PBXBuildFile; fileRef = 964C17682A164F990030622A /* ContentView.swift */; };
		964C176B2A164F9C0030622A /* Assets.xcassets in Resources */ = {isa = PBXBuildFile; fileRef = 964C176A2A164F9C0030622A /* Assets.xcassets */; };
		964C176E2A164F9C0030622A /* Preview Assets.xcassets in Resources */ = {isa = PBXBuildFile; fileRef = 964C176D2A164F9C0030622A /* Preview Assets.xcassets */; };
		964C17752A16604B0030622A /* GoogleService-Info.plist in Resources */ = {isa = PBXBuildFile; fileRef = 964C17742A16604A0030622A /* GoogleService-Info.plist */; };
		964C17782A16657A0030622A /* FirebaseAnalytics in Frameworks */ = {isa = PBXBuildFile; productRef = 964C17772A16657A0030622A /* FirebaseAnalytics */; };
		964C177A2A16657A0030622A /* FirebaseAnalyticsSwift in Frameworks */ = {isa = PBXBuildFile; productRef = 964C17792A16657A0030622A /* FirebaseAnalyticsSwift */; };
		96504DDE2A174C7E00814D8B /* AuthenticationView.swift in Sources */ = {isa = PBXBuildFile; fileRef = 96504DDD2A174C7E00814D8B /* AuthenticationView.swift */; };
		96521F2A2A32155400E4B3B2 /* RootView.swift in Sources */ = {isa = PBXBuildFile; fileRef = 96521F292A32155400E4B3B2 /* RootView.swift */; };
		96521F2C2A321B1000E4B3B2 /* SettingsView.swift in Sources */ = {isa = PBXBuildFile; fileRef = 96521F2B2A321B1000E4B3B2 /* SettingsView.swift */; };
		965553F42A389C4E00A3FE66 /* GoogleSignIn in Frameworks */ = {isa = PBXBuildFile; productRef = 965553F32A389C4E00A3FE66 /* GoogleSignIn */; };
		965553F62A389C4E00A3FE66 /* GoogleSignInSwift in Frameworks */ = {isa = PBXBuildFile; productRef = 965553F52A389C4E00A3FE66 /* GoogleSignInSwift */; };
		965553FA2A38B24800A3FE66 /* Utilities.swift in Sources */ = {isa = PBXBuildFile; fileRef = 965553F92A38B24800A3FE66 /* Utilities.swift */; };
		96739B352A1747550038808C /* FirebaseAuth in Frameworks */ = {isa = PBXBuildFile; productRef = 96739B342A1747550038808C /* FirebaseAuth */; };
/* End PBXBuildFile section */

/* Begin PBXFileReference section */
		960B3A7E2A17726800446864 /* SignInEmaillView.swift */ = {isa = PBXFileReference; lastKnownFileType = sourcecode.swift; path = SignInEmaillView.swift; sourceTree = "<group>"; };
		960B3AA52A17ABBB00446864 /* AuthenticationManager.swift */ = {isa = PBXFileReference; lastKnownFileType = sourcecode.swift; path = AuthenticationManager.swift; sourceTree = "<group>"; };
		964C17632A164F990030622A /* Pyt.app */ = {isa = PBXFileReference; explicitFileType = wrapper.application; includeInIndex = 0; path = Pyt.app; sourceTree = BUILT_PRODUCTS_DIR; };
		964C17662A164F990030622A /* PytApp.swift */ = {isa = PBXFileReference; lastKnownFileType = sourcecode.swift; path = PytApp.swift; sourceTree = "<group>"; };
		964C17682A164F990030622A /* ContentView.swift */ = {isa = PBXFileReference; lastKnownFileType = sourcecode.swift; path = ContentView.swift; sourceTree = "<group>"; };
		964C176A2A164F9C0030622A /* Assets.xcassets */ = {isa = PBXFileReference; lastKnownFileType = folder.assetcatalog; path = Assets.xcassets; sourceTree = "<group>"; };
		964C176D2A164F9C0030622A /* Preview Assets.xcassets */ = {isa = PBXFileReference; lastKnownFileType = folder.assetcatalog; path = "Preview Assets.xcassets"; sourceTree = "<group>"; };
		964C17742A16604A0030622A /* GoogleService-Info.plist */ = {isa = PBXFileReference; fileEncoding = 4; lastKnownFileType = text.plist.xml; path = "GoogleService-Info.plist"; sourceTree = "<group>"; };
		96504DDD2A174C7E00814D8B /* AuthenticationView.swift */ = {isa = PBXFileReference; lastKnownFileType = sourcecode.swift; path = AuthenticationView.swift; sourceTree = "<group>"; };
		96521F292A32155400E4B3B2 /* RootView.swift */ = {isa = PBXFileReference; lastKnownFileType = sourcecode.swift; path = RootView.swift; sourceTree = "<group>"; };
		96521F2B2A321B1000E4B3B2 /* SettingsView.swift */ = {isa = PBXFileReference; lastKnownFileType = sourcecode.swift; path = SettingsView.swift; sourceTree = "<group>"; };
		965553F72A38A44D00A3FE66 /* Info.plist */ = {isa = PBXFileReference; lastKnownFileType = text.plist; path = Info.plist; sourceTree = "<group>"; };
		965553F92A38B24800A3FE66 /* Utilities.swift */ = {isa = PBXFileReference; lastKnownFileType = sourcecode.swift; path = Utilities.swift; sourceTree = "<group>"; };
/* End PBXFileReference section */

/* Begin PBXFrameworksBuildPhase section */
		964C17602A164F990030622A /* Frameworks */ = {
			isa = PBXFrameworksBuildPhase;
			buildActionMask = 2147483647;
			files = (
				964C177A2A16657A0030622A /* FirebaseAnalyticsSwift in Frameworks */,
				960BE42B2A2F78020019D48C /* FirebaseFirestore in Frameworks */,
				965553F62A389C4E00A3FE66 /* GoogleSignInSwift in Frameworks */,
				96739B352A1747550038808C /* FirebaseAuth in Frameworks */,
				960BE42D2A2F78020019D48C /* FirebaseStorage in Frameworks */,
				964C17782A16657A0030622A /* FirebaseAnalytics in Frameworks */,
				965553F42A389C4E00A3FE66 /* GoogleSignIn in Frameworks */,
			);
			runOnlyForDeploymentPostprocessing = 0;
		};
/* End PBXFrameworksBuildPhase section */

/* Begin PBXGroup section */
		964C175A2A164F980030622A = {
			isa = PBXGroup;
			children = (
				964C17652A164F990030622A /* Pyt */,
				964C17642A164F990030622A /* Products */,
				96739B332A1747550038808C /* Frameworks */,
			);
			sourceTree = "<group>";
		};
		964C17642A164F990030622A /* Products */ = {
			isa = PBXGroup;
			children = (
				964C17632A164F990030622A /* Pyt.app */,
			);
			name = Products;
			sourceTree = "<group>";
		};
		964C17652A164F990030622A /* Pyt */ = {
			isa = PBXGroup;
			children = (
				965553F72A38A44D00A3FE66 /* Info.plist */,
				964C17662A164F990030622A /* PytApp.swift */,
				964C17682A164F990030622A /* ContentView.swift */,
				965553F82A38B20A00A3FE66 /* Utilities */,
				96739B362A1748420038808C /* Authentication */,
				964C17742A16604A0030622A /* GoogleService-Info.plist */,
				964C176A2A164F9C0030622A /* Assets.xcassets */,
				964C176C2A164F9C0030622A /* Preview Content */,
			);
			path = Pyt;
			sourceTree = "<group>";
		};
		964C176C2A164F9C0030622A /* Preview Content */ = {
			isa = PBXGroup;
			children = (
				964C176D2A164F9C0030622A /* Preview Assets.xcassets */,
			);
			path = "Preview Content";
			sourceTree = "<group>";
		};
		965553F82A38B20A00A3FE66 /* Utilities */ = {
			isa = PBXGroup;
			children = (
				965553F92A38B24800A3FE66 /* Utilities.swift */,
			);
			path = Utilities;
			sourceTree = "<group>";
		};
		96739B332A1747550038808C /* Frameworks */ = {
			isa = PBXGroup;
			children = (
			);
			name = Frameworks;
			sourceTree = "<group>";
		};
		96739B362A1748420038808C /* Authentication */ = {
			isa = PBXGroup;
			children = (
				96504DDD2A174C7E00814D8B /* AuthenticationView.swift */,
				960B3A7E2A17726800446864 /* SignInEmaillView.swift */,
				960B3AA52A17ABBB00446864 /* AuthenticationManager.swift */,
				96521F292A32155400E4B3B2 /* RootView.swift */,
				96521F2B2A321B1000E4B3B2 /* SettingsView.swift */,
			);
			path = Authentication;
			sourceTree = "<group>";
		};
/* End PBXGroup section */

/* Begin PBXNativeTarget section */
		964C17622A164F990030622A /* Pyt */ = {
			isa = PBXNativeTarget;
			buildConfigurationList = 964C17712A164F9C0030622A /* Build configuration list for PBXNativeTarget "Pyt" */;
			buildPhases = (
				964C175F2A164F990030622A /* Sources */,
				964C17602A164F990030622A /* Frameworks */,
				964C17612A164F990030622A /* Resources */,
			);
			buildRules = (
			);
			dependencies = (
			);
			name = Pyt;
			packageProductDependencies = (
				964C17772A16657A0030622A /* FirebaseAnalytics */,
				964C17792A16657A0030622A /* FirebaseAnalyticsSwift */,
				96739B342A1747550038808C /* FirebaseAuth */,
				960BE42A2A2F78020019D48C /* FirebaseFirestore */,
				960BE42C2A2F78020019D48C /* FirebaseStorage */,
				965553F32A389C4E00A3FE66 /* GoogleSignIn */,
				965553F52A389C4E00A3FE66 /* GoogleSignInSwift */,
			);
			productName = Pyt;
			productReference = 964C17632A164F990030622A /* Pyt.app */;
			productType = "com.apple.product-type.application";
		};
/* End PBXNativeTarget section */

/* Begin PBXProject section */
		964C175B2A164F980030622A /* Project object */ = {
			isa = PBXProject;
			attributes = {
				BuildIndependentTargetsInParallel = 1;
				LastSwiftUpdateCheck = 1430;
				LastUpgradeCheck = 1430;
				TargetAttributes = {
					964C17622A164F990030622A = {
						CreatedOnToolsVersion = 14.3;
					};
				};
			};
			buildConfigurationList = 964C175E2A164F980030622A /* Build configuration list for PBXProject "Pyt" */;
			compatibilityVersion = "Xcode 14.0";
			developmentRegion = en;
			hasScannedForEncodings = 0;
			knownRegions = (
				en,
				Base,
			);
			mainGroup = 964C175A2A164F980030622A;
			packageReferences = (
				964C17762A16657A0030622A /* XCRemoteSwiftPackageReference "firebase-ios-sdk" */,
				965553F22A389C4E00A3FE66 /* XCRemoteSwiftPackageReference "GoogleSignIn-iOS" */,
			);
			productRefGroup = 964C17642A164F990030622A /* Products */;
			projectDirPath = "";
			projectRoot = "";
			targets = (
				964C17622A164F990030622A /* Pyt */,
			);
		};
/* End PBXProject section */

/* Begin PBXResourcesBuildPhase section */
		964C17612A164F990030622A /* Resources */ = {
			isa = PBXResourcesBuildPhase;
			buildActionMask = 2147483647;
			files = (
				964C176E2A164F9C0030622A /* Preview Assets.xcassets in Resources */,
				964C176B2A164F9C0030622A /* Assets.xcassets in Resources */,
				964C17752A16604B0030622A /* GoogleService-Info.plist in Resources */,
			);
			runOnlyForDeploymentPostprocessing = 0;
		};
/* End PBXResourcesBuildPhase section */

/* Begin PBXSourcesBuildPhase section */
		964C175F2A164F990030622A /* Sources */ = {
			isa = PBXSourcesBuildPhase;
			buildActionMask = 2147483647;
			files = (
				96521F2C2A321B1000E4B3B2 /* SettingsView.swift in Sources */,
				964C17692A164F990030622A /* ContentView.swift in Sources */,
				964C17672A164F990030622A /* PytApp.swift in Sources */,
				96521F2A2A32155400E4B3B2 /* RootView.swift in Sources */,
				960B3A7F2A17726800446864 /* SignInEmaillView.swift in Sources */,
				960B3AA62A17ABBB00446864 /* AuthenticationManager.swift in Sources */,
				965553FA2A38B24800A3FE66 /* Utilities.swift in Sources */,
				96504DDE2A174C7E00814D8B /* AuthenticationView.swift in Sources */,
			);
			runOnlyForDeploymentPostprocessing = 0;
		};
/* End PBXSourcesBuildPhase section */

/* Begin XCBuildConfiguration section */
		964C176F2A164F9C0030622A /* Debug */ = {
			isa = XCBuildConfiguration;
			buildSettings = {
				ALWAYS_SEARCH_USER_PATHS = NO;
				CLANG_ANALYZER_NONNULL = YES;
				CLANG_ANALYZER_NUMBER_OBJECT_CONVERSION = YES_AGGRESSIVE;
				CLANG_CXX_LANGUAGE_STANDARD = "gnu++20";
				CLANG_ENABLE_MODULES = YES;
				CLANG_ENABLE_OBJC_ARC = YES;
				CLANG_ENABLE_OBJC_WEAK = YES;
				CLANG_WARN_BLOCK_CAPTURE_AUTORELEASING = YES;
				CLANG_WARN_BOOL_CONVERSION = YES;
				CLANG_WARN_COMMA = YES;
				CLANG_WARN_CONSTANT_CONVERSION = YES;
				CLANG_WARN_DEPRECATED_OBJC_IMPLEMENTATIONS = YES;
				CLANG_WARN_DIRECT_OBJC_ISA_USAGE = YES_ERROR;
				CLANG_WARN_DOCUMENTATION_COMMENTS = YES;
				CLANG_WARN_EMPTY_BODY = YES;
				CLANG_WARN_ENUM_CONVERSION = YES;
				CLANG_WARN_INFINITE_RECURSION = YES;
				CLANG_WARN_INT_CONVERSION = YES;
				CLANG_WARN_NON_LITERAL_NULL_CONVERSION = YES;
				CLANG_WARN_OBJC_IMPLICIT_RETAIN_SELF = YES;
				CLANG_WARN_OBJC_LITERAL_CONVERSION = YES;
				CLANG_WARN_OBJC_ROOT_CLASS = YES_ERROR;
				CLANG_WARN_QUOTED_INCLUDE_IN_FRAMEWORK_HEADER = YES;
				CLANG_WARN_RANGE_LOOP_ANALYSIS = YES;
				CLANG_WARN_STRICT_PROTOTYPES = YES;
				CLANG_WARN_SUSPICIOUS_MOVE = YES;
				CLANG_WARN_UNGUARDED_AVAILABILITY = YES_AGGRESSIVE;
				CLANG_WARN_UNREACHABLE_CODE = YES;
				CLANG_WARN__DUPLICATE_METHOD_MATCH = YES;
				COPY_PHASE_STRIP = NO;
				DEBUG_INFORMATION_FORMAT = dwarf;
				ENABLE_STRICT_OBJC_MSGSEND = YES;
				ENABLE_TESTABILITY = YES;
				GCC_C_LANGUAGE_STANDARD = gnu11;
				GCC_DYNAMIC_NO_PIC = NO;
				GCC_NO_COMMON_BLOCKS = YES;
				GCC_OPTIMIZATION_LEVEL = 0;
				GCC_PREPROCESSOR_DEFINITIONS = (
					"DEBUG=1",
					"$(inherited)",
				);
				GCC_WARN_64_TO_32_BIT_CONVERSION = YES;
				GCC_WARN_ABOUT_RETURN_TYPE = YES_ERROR;
				GCC_WARN_UNDECLARED_SELECTOR = YES;
				GCC_WARN_UNINITIALIZED_AUTOS = YES_AGGRESSIVE;
				GCC_WARN_UNUSED_FUNCTION = YES;
				GCC_WARN_UNUSED_VARIABLE = YES;
				IPHONEOS_DEPLOYMENT_TARGET = 16.4;
				MTL_ENABLE_DEBUG_INFO = INCLUDE_SOURCE;
				MTL_FAST_MATH = YES;
				ONLY_ACTIVE_ARCH = YES;
				SDKROOT = iphoneos;
				SWIFT_ACTIVE_COMPILATION_CONDITIONS = DEBUG;
				SWIFT_OPTIMIZATION_LEVEL = "-Onone";
			};
			name = Debug;
		};
		964C17702A164F9C0030622A /* Release */ = {
			isa = XCBuildConfiguration;
			buildSettings = {
				ALWAYS_SEARCH_USER_PATHS = NO;
				CLANG_ANALYZER_NONNULL = YES;
				CLANG_ANALYZER_NUMBER_OBJECT_CONVERSION = YES_AGGRESSIVE;
				CLANG_CXX_LANGUAGE_STANDARD = "gnu++20";
				CLANG_ENABLE_MODULES = YES;
				CLANG_ENABLE_OBJC_ARC = YES;
				CLANG_ENABLE_OBJC_WEAK = YES;
				CLANG_WARN_BLOCK_CAPTURE_AUTORELEASING = YES;
				CLANG_WARN_BOOL_CONVERSION = YES;
				CLANG_WARN_COMMA = YES;
				CLANG_WARN_CONSTANT_CONVERSION = YES;
				CLANG_WARN_DEPRECATED_OBJC_IMPLEMENTATIONS = YES;
				CLANG_WARN_DIRECT_OBJC_ISA_USAGE = YES_ERROR;
				CLANG_WARN_DOCUMENTATION_COMMENTS = YES;
				CLANG_WARN_EMPTY_BODY = YES;
				CLANG_WARN_ENUM_CONVERSION = YES;
				CLANG_WARN_INFINITE_RECURSION = YES;
				CLANG_WARN_INT_CONVERSION = YES;
				CLANG_WARN_NON_LITERAL_NULL_CONVERSION = YES;
				CLANG_WARN_OBJC_IMPLICIT_RETAIN_SELF = YES;
				CLANG_WARN_OBJC_LITERAL_CONVERSION = YES;
				CLANG_WARN_OBJC_ROOT_CLASS = YES_ERROR;
				CLANG_WARN_QUOTED_INCLUDE_IN_FRAMEWORK_HEADER = YES;
				CLANG_WARN_RANGE_LOOP_ANALYSIS = YES;
				CLANG_WARN_STRICT_PROTOTYPES = YES;
				CLANG_WARN_SUSPICIOUS_MOVE = YES;
				CLANG_WARN_UNGUARDED_AVAILABILITY = YES_AGGRESSIVE;
				CLANG_WARN_UNREACHABLE_CODE = YES;
				CLANG_WARN__DUPLICATE_METHOD_MATCH = YES;
				COPY_PHASE_STRIP = NO;
				DEBUG_INFORMATION_FORMAT = "dwarf-with-dsym";
				ENABLE_NS_ASSERTIONS = NO;
				ENABLE_STRICT_OBJC_MSGSEND = YES;
				GCC_C_LANGUAGE_STANDARD = gnu11;
				GCC_NO_COMMON_BLOCKS = YES;
				GCC_WARN_64_TO_32_BIT_CONVERSION = YES;
				GCC_WARN_ABOUT_RETURN_TYPE = YES_ERROR;
				GCC_WARN_UNDECLARED_SELECTOR = YES;
				GCC_WARN_UNINITIALIZED_AUTOS = YES_AGGRESSIVE;
				GCC_WARN_UNUSED_FUNCTION = YES;
				GCC_WARN_UNUSED_VARIABLE = YES;
				IPHONEOS_DEPLOYMENT_TARGET = 16.4;
				MTL_ENABLE_DEBUG_INFO = NO;
				MTL_FAST_MATH = YES;
				SDKROOT = iphoneos;
				SWIFT_COMPILATION_MODE = wholemodule;
				SWIFT_OPTIMIZATION_LEVEL = "-O";
				VALIDATE_PRODUCT = YES;
			};
			name = Release;
		};
		964C17722A164F9C0030622A /* Debug */ = {
			isa = XCBuildConfiguration;
			buildSettings = {
				ASSETCATALOG_COMPILER_APPICON_NAME = AppIcon;
				ASSETCATALOG_COMPILER_GLOBAL_ACCENT_COLOR_NAME = AccentColor;
				CODE_SIGN_STYLE = Automatic;
				CURRENT_PROJECT_VERSION = 1;
				DEVELOPMENT_ASSET_PATHS = "\"Pyt/Preview Content\"";
				DEVELOPMENT_TEAM = JP9F6KG68S;
				ENABLE_PREVIEWS = YES;
				GENERATE_INFOPLIST_FILE = YES;
				INFOPLIST_FILE = Pyt/Info.plist;
				INFOPLIST_KEY_UIApplicationSceneManifest_Generation = YES;
				INFOPLIST_KEY_UIApplicationSupportsIndirectInputEvents = YES;
				INFOPLIST_KEY_UILaunchScreen_Generation = YES;
				INFOPLIST_KEY_UISupportedInterfaceOrientations = UIInterfaceOrientationPortrait;
				INFOPLIST_KEY_UISupportedInterfaceOrientations_iPad = "UIInterfaceOrientationPortrait UIInterfaceOrientationPortraitUpsideDown";
				LD_RUNPATH_SEARCH_PATHS = (
					"$(inherited)",
					"@executable_path/Frameworks",
				);
				MARKETING_VERSION = 1.0;
				PRODUCT_BUNDLE_IDENTIFIER = com.mauroolivere.Pyt;
				PRODUCT_NAME = "$(TARGET_NAME)";
				SWIFT_EMIT_LOC_STRINGS = YES;
				SWIFT_VERSION = 5.0;
				TARGETED_DEVICE_FAMILY = "1,2";
			};
			name = Debug;
		};
		964C17732A164F9C0030622A /* Release */ = {
			isa = XCBuildConfiguration;
			buildSettings = {
				ASSETCATALOG_COMPILER_APPICON_NAME = AppIcon;
				ASSETCATALOG_COMPILER_GLOBAL_ACCENT_COLOR_NAME = AccentColor;
				CODE_SIGN_STYLE = Automatic;
				CURRENT_PROJECT_VERSION = 1;
				DEVELOPMENT_ASSET_PATHS = "\"Pyt/Preview Content\"";
				DEVELOPMENT_TEAM = JP9F6KG68S;
				ENABLE_PREVIEWS = YES;
				GENERATE_INFOPLIST_FILE = YES;
				INFOPLIST_FILE = Pyt/Info.plist;
				INFOPLIST_KEY_UIApplicationSceneManifest_Generation = YES;
				INFOPLIST_KEY_UIApplicationSupportsIndirectInputEvents = YES;
				INFOPLIST_KEY_UILaunchScreen_Generation = YES;
				INFOPLIST_KEY_UISupportedInterfaceOrientations = UIInterfaceOrientationPortrait;
				INFOPLIST_KEY_UISupportedInterfaceOrientations_iPad = "UIInterfaceOrientationPortrait UIInterfaceOrientationPortraitUpsideDown";
				LD_RUNPATH_SEARCH_PATHS = (
					"$(inherited)",
					"@executable_path/Frameworks",
				);
				MARKETING_VERSION = 1.0;
				PRODUCT_BUNDLE_IDENTIFIER = com.mauroolivere.Pyt;
				PRODUCT_NAME = "$(TARGET_NAME)";
				SWIFT_EMIT_LOC_STRINGS = YES;
				SWIFT_VERSION = 5.0;
				TARGETED_DEVICE_FAMILY = "1,2";
			};
			name = Release;
		};
/* End XCBuildConfiguration section */

/* Begin XCConfigurationList section */
		964C175E2A164F980030622A /* Build configuration list for PBXProject "Pyt" */ = {
			isa = XCConfigurationList;
			buildConfigurations = (
				964C176F2A164F9C0030622A /* Debug */,
				964C17702A164F9C0030622A /* Release */,
			);
			defaultConfigurationIsVisible = 0;
			defaultConfigurationName = Release;
		};
		964C17712A164F9C0030622A /* Build configuration list for PBXNativeTarget "Pyt" */ = {
			isa = XCConfigurationList;
			buildConfigurations = (
				964C17722A164F9C0030622A /* Debug */,
				964C17732A164F9C0030622A /* Release */,
			);
			defaultConfigurationIsVisible = 0;
			defaultConfigurationName = Release;
		};
/* End XCConfigurationList section */

/* Begin XCRemoteSwiftPackageReference section */
		964C17762A16657A0030622A /* XCRemoteSwiftPackageReference "firebase-ios-sdk" */ = {
			isa = XCRemoteSwiftPackageReference;
			repositoryURL = "https://github.com/firebase/firebase-ios-sdk.git";
			requirement = {
				kind = exactVersion;
				version = 10.9.0;
			};
		};
		965553F22A389C4E00A3FE66 /* XCRemoteSwiftPackageReference "GoogleSignIn-iOS" */ = {
			isa = XCRemoteSwiftPackageReference;
			repositoryURL = "https://github.com/google/GoogleSignIn-iOS.git";
			requirement = {
				kind = upToNextMajorVersion;
				minimumVersion = 7.0.0;
			};
		};
/* End XCRemoteSwiftPackageReference section */

/* Begin XCSwiftPackageProductDependency section */
		960BE42A2A2F78020019D48C /* FirebaseFirestore */ = {
			isa = XCSwiftPackageProductDependency;
			package = 964C17762A16657A0030622A /* XCRemoteSwiftPackageReference "firebase-ios-sdk" */;
			productName = FirebaseFirestore;
		};
		960BE42C2A2F78020019D48C /* FirebaseStorage */ = {
			isa = XCSwiftPackageProductDependency;
			package = 964C17762A16657A0030622A /* XCRemoteSwiftPackageReference "firebase-ios-sdk" */;
			productName = FirebaseStorage;
		};
		964C17772A16657A0030622A /* FirebaseAnalytics */ = {
			isa = XCSwiftPackageProductDependency;
			package = 964C17762A16657A0030622A /* XCRemoteSwiftPackageReference "firebase-ios-sdk" */;
			productName = FirebaseAnalytics;
		};
		964C17792A16657A0030622A /* FirebaseAnalyticsSwift */ = {
			isa = XCSwiftPackageProductDependency;
			package = 964C17762A16657A0030622A /* XCRemoteSwiftPackageReference "firebase-ios-sdk" */;
			productName = FirebaseAnalyticsSwift;
		};
		965553F32A389C4E00A3FE66 /* GoogleSignIn */ = {
			isa = XCSwiftPackageProductDependency;
			package = 965553F22A389C4E00A3FE66 /* XCRemoteSwiftPackageReference "GoogleSignIn-iOS" */;
			productName = GoogleSignIn;
		};
		965553F52A389C4E00A3FE66 /* GoogleSignInSwift */ = {
			isa = XCSwiftPackageProductDependency;
			package = 965553F22A389C4E00A3FE66 /* XCRemoteSwiftPackageReference "GoogleSignIn-iOS" */;
			productName = GoogleSignInSwift;
		};
		96739B342A1747550038808C /* FirebaseAuth */ = {
			isa = XCSwiftPackageProductDependency;
			package = 964C17762A16657A0030622A /* XCRemoteSwiftPackageReference "firebase-ios-sdk" */;
			productName = FirebaseAuth;
		};
/* End XCSwiftPackageProductDependency section */
	};
	rootObject = 964C175B2A164F980030622A /* Project object */;
}
